// !$*UTF8*$!
{
	archiveVersion = 1;
	classes = {
	};
	objectVersion = 46;
	objects = {

/* Begin PBXBuildFile section */
		006D720419952D00008149E2 /* AVFoundation.framework in Frameworks */ = {isa = PBXBuildFile; fileRef = 006D720219952D00008149E2 /* AVFoundation.framework */; };
		006D720519952D00008149E2 /* CoreMedia.framework in Frameworks */ = {isa = PBXBuildFile; fileRef = 006D720319952D00008149E2 /* CoreMedia.framework */; };
		0091D8F90E81B9330029341E /* OpenGL.framework in Frameworks */ = {isa = PBXBuildFile; fileRef = 0091D8F80E81B9330029341E /* OpenGL.framework */; };
		00B784B30FF439BC000DE1D7 /* Accelerate.framework in Frameworks */ = {isa = PBXBuildFile; fileRef = 00B784AF0FF439BC000DE1D7 /* Accelerate.framework */; };
		00B784B40FF439BC000DE1D7 /* AudioToolbox.framework in Frameworks */ = {isa = PBXBuildFile; fileRef = 00B784B00FF439BC000DE1D7 /* AudioToolbox.framework */; };
		00B784B50FF439BC000DE1D7 /* AudioUnit.framework in Frameworks */ = {isa = PBXBuildFile; fileRef = 00B784B10FF439BC000DE1D7 /* AudioUnit.framework */; };
		00B784B60FF439BC000DE1D7 /* CoreAudio.framework in Frameworks */ = {isa = PBXBuildFile; fileRef = 00B784B20FF439BC000DE1D7 /* CoreAudio.framework */; };
		00B9955A1B128DF400A5C623 /* IOKit.framework in Frameworks */ = {isa = PBXBuildFile; fileRef = 00B995581B128DF400A5C623 /* IOKit.framework */; };
		00B9955B1B128DF400A5C623 /* IOSurface.framework in Frameworks */ = {isa = PBXBuildFile; fileRef = 00B995591B128DF400A5C623 /* IOSurface.framework */; };
		5323E6B20EAFCA74003A9687 /* CoreVideo.framework in Frameworks */ = {isa = PBXBuildFile; fileRef = 5323E6B10EAFCA74003A9687 /* CoreVideo.framework */; };
		7A699A03ED72428B93417E8F /* CinderApp.icns in Resources */ = {isa = PBXBuildFile; fileRef = 57E789FA45894DA7B50CA563 /* CinderApp.icns */; };
		8D11072F0486CEB800E47090 /* Cocoa.framework in Frameworks */ = {isa = PBXBuildFile; fileRef = 1058C7A1FEA54F0111CA2CBB /* Cocoa.framework */; };
		A35DB991D6D14D269767DB3F /* PollenProjectApp.cpp in Sources */ = {isa = PBXBuildFile; fileRef = B3715B77774C44EA9F30B179 /* PollenProjectApp.cpp */; };
		EF0FC12C1DF0FA6400AA0EA6 /* CoreMath.cpp in Sources */ = {isa = PBXBuildFile; fileRef = EF0FC1291DF0FA6400AA0EA6 /* CoreMath.cpp */; };
		EF6936981DE432F10010239C /* Pollen.cpp in Sources */ = {isa = PBXBuildFile; fileRef = EF6936961DE432F10010239C /* Pollen.cpp */; };
		EF7B8F1F1DEC869A008D2A73 /* Mesh.cpp in Sources */ = {isa = PBXBuildFile; fileRef = EF7B8F0F1DEC869A008D2A73 /* Mesh.cpp */; };
		EF7B8F201DEC869A008D2A73 /* MeshGroup.cpp in Sources */ = {isa = PBXBuildFile; fileRef = EF7B8F111DEC869A008D2A73 /* MeshGroup.cpp */; };
		EF7B8F271DEC869A008D2A73 /* Vertex.cpp in Sources */ = {isa = PBXBuildFile; fileRef = EF7B8F1A1DEC869A008D2A73 /* Vertex.cpp */; };
		EF7B8F541DEC8E2E008D2A73 /* MeshBuilds.cpp in Sources */ = {isa = PBXBuildFile; fileRef = EF7B8F521DEC8E2E008D2A73 /* MeshBuilds.cpp */; };
		EF7B8F681DEC8F1C008D2A73 /* GeomEater.cpp in Sources */ = {isa = PBXBuildFile; fileRef = EF7B8F631DEC8F1C008D2A73 /* GeomEater.cpp */; };
		EF7B8F701DEC9C86008D2A73 /* MeshHelpers.cpp in Sources */ = {isa = PBXBuildFile; fileRef = EF7B8F6E1DEC9C86008D2A73 /* MeshHelpers.cpp */; };
/* End PBXBuildFile section */

/* Begin PBXFileReference section */
		006D720219952D00008149E2 /* AVFoundation.framework */ = {isa = PBXFileReference; lastKnownFileType = wrapper.framework; name = AVFoundation.framework; path = System/Library/Frameworks/AVFoundation.framework; sourceTree = SDKROOT; };
		006D720319952D00008149E2 /* CoreMedia.framework */ = {isa = PBXFileReference; lastKnownFileType = wrapper.framework; name = CoreMedia.framework; path = System/Library/Frameworks/CoreMedia.framework; sourceTree = SDKROOT; };
		0091D8F80E81B9330029341E /* OpenGL.framework */ = {isa = PBXFileReference; lastKnownFileType = wrapper.framework; name = OpenGL.framework; path = /System/Library/Frameworks/OpenGL.framework; sourceTree = "<absolute>"; };
		00B784AF0FF439BC000DE1D7 /* Accelerate.framework */ = {isa = PBXFileReference; lastKnownFileType = wrapper.framework; name = Accelerate.framework; path = System/Library/Frameworks/Accelerate.framework; sourceTree = SDKROOT; };
		00B784B00FF439BC000DE1D7 /* AudioToolbox.framework */ = {isa = PBXFileReference; lastKnownFileType = wrapper.framework; name = AudioToolbox.framework; path = System/Library/Frameworks/AudioToolbox.framework; sourceTree = SDKROOT; };
		00B784B10FF439BC000DE1D7 /* AudioUnit.framework */ = {isa = PBXFileReference; lastKnownFileType = wrapper.framework; name = AudioUnit.framework; path = System/Library/Frameworks/AudioUnit.framework; sourceTree = SDKROOT; };
		00B784B20FF439BC000DE1D7 /* CoreAudio.framework */ = {isa = PBXFileReference; lastKnownFileType = wrapper.framework; name = CoreAudio.framework; path = System/Library/Frameworks/CoreAudio.framework; sourceTree = SDKROOT; };
		00B995581B128DF400A5C623 /* IOKit.framework */ = {isa = PBXFileReference; lastKnownFileType = wrapper.framework; name = IOKit.framework; path = System/Library/Frameworks/IOKit.framework; sourceTree = SDKROOT; };
		00B995591B128DF400A5C623 /* IOSurface.framework */ = {isa = PBXFileReference; lastKnownFileType = wrapper.framework; name = IOSurface.framework; path = System/Library/Frameworks/IOSurface.framework; sourceTree = SDKROOT; };
		1058C7A1FEA54F0111CA2CBB /* Cocoa.framework */ = {isa = PBXFileReference; lastKnownFileType = wrapper.framework; name = Cocoa.framework; path = /System/Library/Frameworks/Cocoa.framework; sourceTree = "<absolute>"; };
		29B97324FDCFA39411CA2CEA /* AppKit.framework */ = {isa = PBXFileReference; lastKnownFileType = wrapper.framework; name = AppKit.framework; path = /System/Library/Frameworks/AppKit.framework; sourceTree = "<absolute>"; };
		29B97325FDCFA39411CA2CEA /* Foundation.framework */ = {isa = PBXFileReference; lastKnownFileType = wrapper.framework; name = Foundation.framework; path = /System/Library/Frameworks/Foundation.framework; sourceTree = "<absolute>"; };
		5323E6B10EAFCA74003A9687 /* CoreVideo.framework */ = {isa = PBXFileReference; lastKnownFileType = wrapper.framework; name = CoreVideo.framework; path = /System/Library/Frameworks/CoreVideo.framework; sourceTree = "<absolute>"; };
		57E789FA45894DA7B50CA563 /* CinderApp.icns */ = {isa = PBXFileReference; lastKnownFileType = image.icns; name = CinderApp.icns; path = ../resources/CinderApp.icns; sourceTree = "<group>"; };
		8D1107320486CEB800E47090 /* pollen_project.app */ = {isa = PBXFileReference; explicitFileType = wrapper.application; includeInIndex = 0; path = pollen_project.app; sourceTree = BUILT_PRODUCTS_DIR; };
		9084830267634D70830E69C8 /* pollen_project_Prefix.pch */ = {isa = PBXFileReference; lastKnownFileType = "\"\""; path = pollen_project_Prefix.pch; sourceTree = "<group>"; };
		B3715B77774C44EA9F30B179 /* PollenProjectApp.cpp */ = {isa = PBXFileReference; lastKnownFileType = sourcecode.cpp.cpp; name = PollenProjectApp.cpp; path = ../src/PollenProjectApp.cpp; sourceTree = "<group>"; };
		DBC3393AE824478B864F1AA6 /* Info.plist */ = {isa = PBXFileReference; lastKnownFileType = text.plist.xml; path = Info.plist; sourceTree = "<group>"; };
		EA3CF927205745458314B592 /* Resources.h */ = {isa = PBXFileReference; lastKnownFileType = sourcecode.c.h; name = Resources.h; path = ../include/Resources.h; sourceTree = "<group>"; };
		EF0FC1291DF0FA6400AA0EA6 /* CoreMath.cpp */ = {isa = PBXFileReference; fileEncoding = 4; lastKnownFileType = sourcecode.cpp.cpp; name = CoreMath.cpp; path = "../../../cinder/blocks/core-util/CoreMath.cpp"; sourceTree = "<group>"; };
		EF0FC12A1DF0FA6400AA0EA6 /* CoreMath.h */ = {isa = PBXFileReference; fileEncoding = 4; lastKnownFileType = sourcecode.c.h; name = CoreMath.h; path = "../../../cinder/blocks/core-util/CoreMath.h"; sourceTree = "<group>"; };
		EF0FC12B1DF0FA6400AA0EA6 /* Gradient.hpp */ = {isa = PBXFileReference; fileEncoding = 4; lastKnownFileType = sourcecode.cpp.h; name = Gradient.hpp; path = "../../../cinder/blocks/core-util/Gradient.hpp"; sourceTree = "<group>"; };
		EF0FC12D1DF0FA6D00AA0EA6 /* MathBase.h */ = {isa = PBXFileReference; fileEncoding = 4; lastKnownFileType = sourcecode.c.h; path = MathBase.h; sourceTree = "<group>"; };
		EF54FA811DECC73100EF733F /* Item.hpp */ = {isa = PBXFileReference; fileEncoding = 4; lastKnownFileType = sourcecode.cpp.h; name = Item.hpp; path = "../../cinder/blocks/core-util/Item.hpp"; sourceTree = "<group>"; };
		EF6936961DE432F10010239C /* Pollen.cpp */ = {isa = PBXFileReference; fileEncoding = 4; lastKnownFileType = sourcecode.cpp.cpp; name = Pollen.cpp; path = ../src/Pollen.cpp; sourceTree = "<group>"; };
		EF6936971DE432F10010239C /* Pollen.h */ = {isa = PBXFileReference; fileEncoding = 4; lastKnownFileType = sourcecode.c.h; name = Pollen.h; path = ../src/Pollen.h; sourceTree = "<group>"; };
		EF7B8F0C1DEC869A008D2A73 /* buildmesh.h */ = {isa = PBXFileReference; fileEncoding = 4; lastKnownFileType = sourcecode.c.h; path = buildmesh.h; sourceTree = "<group>"; };
		EF7B8F0F1DEC869A008D2A73 /* Mesh.cpp */ = {isa = PBXFileReference; fileEncoding = 4; lastKnownFileType = sourcecode.cpp.cpp; path = Mesh.cpp; sourceTree = "<group>"; };
		EF7B8F101DEC869A008D2A73 /* Mesh.h */ = {isa = PBXFileReference; fileEncoding = 4; lastKnownFileType = sourcecode.c.h; path = Mesh.h; sourceTree = "<group>"; };
		EF7B8F111DEC869A008D2A73 /* MeshGroup.cpp */ = {isa = PBXFileReference; fileEncoding = 4; lastKnownFileType = sourcecode.cpp.cpp; path = MeshGroup.cpp; sourceTree = "<group>"; };
		EF7B8F121DEC869A008D2A73 /* MeshGroup.h */ = {isa = PBXFileReference; fileEncoding = 4; lastKnownFileType = sourcecode.c.h; path = MeshGroup.h; sourceTree = "<group>"; };
		EF7B8F1A1DEC869A008D2A73 /* Vertex.cpp */ = {isa = PBXFileReference; fileEncoding = 4; lastKnownFileType = sourcecode.cpp.cpp; path = Vertex.cpp; sourceTree = "<group>"; };
		EF7B8F1B1DEC869A008D2A73 /* Vertex.h */ = {isa = PBXFileReference; fileEncoding = 4; lastKnownFileType = sourcecode.c.h; path = Vertex.h; sourceTree = "<group>"; };
		EF7B8F521DEC8E2E008D2A73 /* MeshBuilds.cpp */ = {isa = PBXFileReference; fileEncoding = 4; lastKnownFileType = sourcecode.cpp.cpp; path = MeshBuilds.cpp; sourceTree = "<group>"; };
		EF7B8F531DEC8E2E008D2A73 /* MeshBuilds.h */ = {isa = PBXFileReference; fileEncoding = 4; lastKnownFileType = sourcecode.c.h; path = MeshBuilds.h; sourceTree = "<group>"; };
		EF7B8F631DEC8F1C008D2A73 /* GeomEater.cpp */ = {isa = PBXFileReference; fileEncoding = 4; lastKnownFileType = sourcecode.cpp.cpp; name = GeomEater.cpp; path = "../../../cinder/blocks/core-util/GeomEater.cpp"; sourceTree = "<group>"; };
		EF7B8F641DEC8F1C008D2A73 /* GeomEater.h */ = {isa = PBXFileReference; fileEncoding = 4; lastKnownFileType = sourcecode.c.h; name = GeomEater.h; path = "../../../cinder/blocks/core-util/GeomEater.h"; sourceTree = "<group>"; };
		EF7B8F661DEC8F1C008D2A73 /* Node.hpp */ = {isa = PBXFileReference; fileEncoding = 4; lastKnownFileType = sourcecode.cpp.h; name = Node.hpp; path = "../../../cinder/blocks/core-util/Node.hpp"; sourceTree = "<group>"; };
		EF7B8F671DEC8F1C008D2A73 /* NoiseWalker.hpp */ = {isa = PBXFileReference; fileEncoding = 4; lastKnownFileType = sourcecode.cpp.h; name = NoiseWalker.hpp; path = "../../../cinder/blocks/core-util/NoiseWalker.hpp"; sourceTree = "<group>"; };
		EF7B8F6E1DEC9C86008D2A73 /* MeshHelpers.cpp */ = {isa = PBXFileReference; fileEncoding = 4; lastKnownFileType = sourcecode.cpp.cpp; name = MeshHelpers.cpp; path = "../../../cinder/blocks/core-util/MeshHelpers.cpp"; sourceTree = "<group>"; };
		EF7B8F6F1DEC9C86008D2A73 /* MeshHelpers.h */ = {isa = PBXFileReference; fileEncoding = 4; lastKnownFileType = sourcecode.c.h; name = MeshHelpers.h; path = "../../../cinder/blocks/core-util/MeshHelpers.h"; sourceTree = "<group>"; };
/* End PBXFileReference section */

/* Begin PBXFrameworksBuildPhase section */
		8D11072E0486CEB800E47090 /* Frameworks */ = {
			isa = PBXFrameworksBuildPhase;
			buildActionMask = 2147483647;
			files = (
				006D720419952D00008149E2 /* AVFoundation.framework in Frameworks */,
				006D720519952D00008149E2 /* CoreMedia.framework in Frameworks */,
				8D11072F0486CEB800E47090 /* Cocoa.framework in Frameworks */,
				0091D8F90E81B9330029341E /* OpenGL.framework in Frameworks */,
				5323E6B20EAFCA74003A9687 /* CoreVideo.framework in Frameworks */,
				00B784B30FF439BC000DE1D7 /* Accelerate.framework in Frameworks */,
				00B784B40FF439BC000DE1D7 /* AudioToolbox.framework in Frameworks */,
				00B784B50FF439BC000DE1D7 /* AudioUnit.framework in Frameworks */,
				00B784B60FF439BC000DE1D7 /* CoreAudio.framework in Frameworks */,
				00B9955A1B128DF400A5C623 /* IOKit.framework in Frameworks */,
				00B9955B1B128DF400A5C623 /* IOSurface.framework in Frameworks */,
			);
			runOnlyForDeploymentPostprocessing = 0;
		};
/* End PBXFrameworksBuildPhase section */

/* Begin PBXGroup section */
		01B97315FEAEA392516A2CEA /* Blocks */ = {
			isa = PBXGroup;
			children = (
			);
			name = Blocks;
			sourceTree = "<group>";
		};
		080E96DDFE201D6D7F000001 /* Source */ = {
			isa = PBXGroup;
			children = (
				B3715B77774C44EA9F30B179 /* PollenProjectApp.cpp */,
				EF6936961DE432F10010239C /* Pollen.cpp */,
				EF6936971DE432F10010239C /* Pollen.h */,
			);
			name = Source;
			sourceTree = "<group>";
		};
		1058C7A0FEA54F0111CA2CBB /* Linked Frameworks */ = {
			isa = PBXGroup;
			children = (
				006D720219952D00008149E2 /* AVFoundation.framework */,
				006D720319952D00008149E2 /* CoreMedia.framework */,
				00B784AF0FF439BC000DE1D7 /* Accelerate.framework */,
				00B784B00FF439BC000DE1D7 /* AudioToolbox.framework */,
				00B784B10FF439BC000DE1D7 /* AudioUnit.framework */,
				00B784B20FF439BC000DE1D7 /* CoreAudio.framework */,
				5323E6B10EAFCA74003A9687 /* CoreVideo.framework */,
				0091D8F80E81B9330029341E /* OpenGL.framework */,
				1058C7A1FEA54F0111CA2CBB /* Cocoa.framework */,
				00B995581B128DF400A5C623 /* IOKit.framework */,
				00B995591B128DF400A5C623 /* IOSurface.framework */,
			);
			name = "Linked Frameworks";
			sourceTree = "<group>";
		};
		1058C7A2FEA54F0111CA2CBB /* Other Frameworks */ = {
			isa = PBXGroup;
			children = (
				29B97324FDCFA39411CA2CEA /* AppKit.framework */,
				29B97325FDCFA39411CA2CEA /* Foundation.framework */,
			);
			name = "Other Frameworks";
			sourceTree = "<group>";
		};
		19C28FACFE9D520D11CA2CBB /* Products */ = {
			isa = PBXGroup;
			children = (
				8D1107320486CEB800E47090 /* pollen_project.app */,
			);
			name = Products;
			sourceTree = "<group>";
		};
		29B97314FDCFA39411CA2CEA /* pollen_project */ = {
			isa = PBXGroup;
			children = (
				01B97315FEAEA392516A2CEA /* Blocks */,
				29B97315FDCFA39411CA2CEA /* Headers */,
				EF7B8F081DEC869A008D2A73 /* buildmesh */,
				EF7B8F691DEC8F20008D2A73 /* core-util */,
				080E96DDFE201D6D7F000001 /* Source */,
				29B97317FDCFA39411CA2CEA /* Resources */,
				29B97323FDCFA39411CA2CEA /* Frameworks */,
				19C28FACFE9D520D11CA2CBB /* Products */,
			);
			name = pollen_project;
			sourceTree = "<group>";
		};
		29B97315FDCFA39411CA2CEA /* Headers */ = {
			isa = PBXGroup;
			children = (
				EA3CF927205745458314B592 /* Resources.h */,
				9084830267634D70830E69C8 /* pollen_project_Prefix.pch */,
			);
			name = Headers;
			sourceTree = "<group>";
		};
		29B97317FDCFA39411CA2CEA /* Resources */ = {
			isa = PBXGroup;
			children = (
				57E789FA45894DA7B50CA563 /* CinderApp.icns */,
				DBC3393AE824478B864F1AA6 /* Info.plist */,
			);
			name = Resources;
			sourceTree = "<group>";
		};
		29B97323FDCFA39411CA2CEA /* Frameworks */ = {
			isa = PBXGroup;
			children = (
				1058C7A0FEA54F0111CA2CBB /* Linked Frameworks */,
				1058C7A2FEA54F0111CA2CBB /* Other Frameworks */,
			);
			name = Frameworks;
			sourceTree = "<group>";
		};
		EF7B8F081DEC869A008D2A73 /* buildmesh */ = {
			isa = PBXGroup;
			children = (
				EF0FC12D1DF0FA6D00AA0EA6 /* MathBase.h */,
				EF54FA811DECC73100EF733F /* Item.hpp */,
				EF7B8F521DEC8E2E008D2A73 /* MeshBuilds.cpp */,
				EF7B8F531DEC8E2E008D2A73 /* MeshBuilds.h */,
				EF7B8F0C1DEC869A008D2A73 /* buildmesh.h */,
				EF7B8F0F1DEC869A008D2A73 /* Mesh.cpp */,
				EF7B8F101DEC869A008D2A73 /* Mesh.h */,
				EF7B8F111DEC869A008D2A73 /* MeshGroup.cpp */,
				EF7B8F121DEC869A008D2A73 /* MeshGroup.h */,
				EF7B8F1A1DEC869A008D2A73 /* Vertex.cpp */,
				EF7B8F1B1DEC869A008D2A73 /* Vertex.h */,
			);
			name = buildmesh;
			path = ../../../cpp/buildmesh;
			sourceTree = "<group>";
		};
		EF7B8F691DEC8F20008D2A73 /* core-util */ = {
			isa = PBXGroup;
			children = (
				EF0FC1291DF0FA6400AA0EA6 /* CoreMath.cpp */,
				EF0FC12A1DF0FA6400AA0EA6 /* CoreMath.h */,
				EF0FC12B1DF0FA6400AA0EA6 /* Gradient.hpp */,
				EF7B8F6E1DEC9C86008D2A73 /* MeshHelpers.cpp */,
				EF7B8F6F1DEC9C86008D2A73 /* MeshHelpers.h */,
				EF7B8F631DEC8F1C008D2A73 /* GeomEater.cpp */,
				EF7B8F641DEC8F1C008D2A73 /* GeomEater.h */,
				EF7B8F661DEC8F1C008D2A73 /* Node.hpp */,
				EF7B8F671DEC8F1C008D2A73 /* NoiseWalker.hpp */,
			);
			name = "core-util";
			sourceTree = "<group>";
		};
/* End PBXGroup section */

/* Begin PBXNativeTarget section */
		8D1107260486CEB800E47090 /* pollen_project */ = {
			isa = PBXNativeTarget;
			buildConfigurationList = C01FCF4A08A954540054247B /* Build configuration list for PBXNativeTarget "pollen_project" */;
			buildPhases = (
				8D1107290486CEB800E47090 /* Resources */,
				8D11072C0486CEB800E47090 /* Sources */,
				8D11072E0486CEB800E47090 /* Frameworks */,
			);
			buildRules = (
			);
			dependencies = (
			);
			name = pollen_project;
			productInstallPath = "$(HOME)/Applications";
			productName = pollen_project;
			productReference = 8D1107320486CEB800E47090 /* pollen_project.app */;
			productType = "com.apple.product-type.application";
		};
/* End PBXNativeTarget section */

/* Begin PBXProject section */
		29B97313FDCFA39411CA2CEA /* Project object */ = {
			isa = PBXProject;
			attributes = {
			};
			buildConfigurationList = C01FCF4E08A954540054247B /* Build configuration list for PBXProject "pollen_project" */;
			compatibilityVersion = "Xcode 3.2";
			developmentRegion = English;
			hasScannedForEncodings = 1;
			knownRegions = (
				English,
				Japanese,
				French,
				German,
			);
			mainGroup = 29B97314FDCFA39411CA2CEA /* pollen_project */;
			projectDirPath = "";
			projectRoot = "";
			targets = (
				8D1107260486CEB800E47090 /* pollen_project */,
			);
		};
/* End PBXProject section */

/* Begin PBXResourcesBuildPhase section */
		8D1107290486CEB800E47090 /* Resources */ = {
			isa = PBXResourcesBuildPhase;
			buildActionMask = 2147483647;
			files = (
				7A699A03ED72428B93417E8F /* CinderApp.icns in Resources */,
			);
			runOnlyForDeploymentPostprocessing = 0;
		};
/* End PBXResourcesBuildPhase section */

/* Begin PBXSourcesBuildPhase section */
		8D11072C0486CEB800E47090 /* Sources */ = {
			isa = PBXSourcesBuildPhase;
			buildActionMask = 2147483647;
			files = (
				EF7B8F701DEC9C86008D2A73 /* MeshHelpers.cpp in Sources */,
				A35DB991D6D14D269767DB3F /* PollenProjectApp.cpp in Sources */,
				EF7B8F681DEC8F1C008D2A73 /* GeomEater.cpp in Sources */,
				EF7B8F541DEC8E2E008D2A73 /* MeshBuilds.cpp in Sources */,
				EF7B8F271DEC869A008D2A73 /* Vertex.cpp in Sources */,
				EF6936981DE432F10010239C /* Pollen.cpp in Sources */,
				EF0FC12C1DF0FA6400AA0EA6 /* CoreMath.cpp in Sources */,
				EF7B8F201DEC869A008D2A73 /* MeshGroup.cpp in Sources */,
				EF7B8F1F1DEC869A008D2A73 /* Mesh.cpp in Sources */,
			);
			runOnlyForDeploymentPostprocessing = 0;
		};
/* End PBXSourcesBuildPhase section */

/* Begin XCBuildConfiguration section */
		C01FCF4B08A954540054247B /* Debug */ = {
			isa = XCBuildConfiguration;
			buildSettings = {
				COMBINE_HIDPI_IMAGES = YES;
				COPY_PHASE_STRIP = NO;
				DEAD_CODE_STRIPPING = YES;
				GCC_DYNAMIC_NO_PIC = NO;
				GCC_INLINES_ARE_PRIVATE_EXTERN = YES;
				GCC_OPTIMIZATION_LEVEL = 0;
				GCC_PRECOMPILE_PREFIX_HEADER = YES;
				GCC_PREFIX_HEADER = pollen_project_Prefix.pch;
				GCC_PREPROCESSOR_DEFINITIONS = (
					"DEBUG=1",
					"$(inherited)",
				);
				GCC_SYMBOLS_PRIVATE_EXTERN = NO;
				INFOPLIST_FILE = Info.plist;
				INSTALL_PATH = "$(HOME)/Applications";
				OTHER_LDFLAGS = "\"$(CINDER_PATH)/lib/libcinder_d.a\"";
				PRODUCT_BUNDLE_IDENTIFIER = "org.libcinder.${PRODUCT_NAME:rfc1034identifier}";
				PRODUCT_NAME = pollen_project;
				SYMROOT = ./build;
				WRAPPER_EXTENSION = app;
			};
			name = Debug;
		};
		C01FCF4C08A954540054247B /* Release */ = {
			isa = XCBuildConfiguration;
			buildSettings = {
				COMBINE_HIDPI_IMAGES = YES;
				DEAD_CODE_STRIPPING = YES;
				DEBUG_INFORMATION_FORMAT = "dwarf-with-dsym";
				GCC_FAST_MATH = YES;
				GCC_GENERATE_DEBUGGING_SYMBOLS = NO;
				GCC_INLINES_ARE_PRIVATE_EXTERN = YES;
				GCC_OPTIMIZATION_LEVEL = 3;
				GCC_PRECOMPILE_PREFIX_HEADER = YES;
				GCC_PREFIX_HEADER = pollen_project_Prefix.pch;
				GCC_PREPROCESSOR_DEFINITIONS = (
					"NDEBUG=1",
					"$(inherited)",
				);
				GCC_SYMBOLS_PRIVATE_EXTERN = NO;
				INFOPLIST_FILE = Info.plist;
				INSTALL_PATH = "$(HOME)/Applications";
				OTHER_LDFLAGS = "\"$(CINDER_PATH)/lib/libcinder.a\"";
				PRODUCT_BUNDLE_IDENTIFIER = "org.libcinder.${PRODUCT_NAME:rfc1034identifier}";
				PRODUCT_NAME = pollen_project;
				STRIP_INSTALLED_PRODUCT = YES;
				SYMROOT = ./build;
				WRAPPER_EXTENSION = app;
			};
			name = Release;
		};
		C01FCF4F08A954540054247B /* Debug */ = {
			isa = XCBuildConfiguration;
			buildSettings = {
				ALWAYS_SEARCH_USER_PATHS = NO;
				CINDER_PATH = ../../../cinder;
				CLANG_CXX_LANGUAGE_STANDARD = "c++11";
				CLANG_CXX_LIBRARY = "libc++";
				ENABLE_TESTABILITY = YES;
				GCC_WARN_ABOUT_RETURN_TYPE = YES;
				GCC_WARN_UNUSED_VARIABLE = YES;
				HEADER_SEARCH_PATHS = "\"$(CINDER_PATH)/include\"";
				MACOSX_DEPLOYMENT_TARGET = 10.8;
				ONLY_ACTIVE_ARCH = YES;
				SDKROOT = macosx;
				USER_HEADER_SEARCH_PATHS = "\"$(CINDER_PATH)/include\" ../include";
			};
			name = Debug;
		};
		C01FCF5008A954540054247B /* Release */ = {
			isa = XCBuildConfiguration;
			buildSettings = {
				ALWAYS_SEARCH_USER_PATHS = NO;
				CINDER_PATH = ../../../cinder;
				CLANG_CXX_LANGUAGE_STANDARD = "c++11";
				CLANG_CXX_LIBRARY = "libc++";
				GCC_WARN_ABOUT_RETURN_TYPE = YES;
				GCC_WARN_UNUSED_VARIABLE = YES;
				HEADER_SEARCH_PATHS = "\"$(CINDER_PATH)/include\"";
				MACOSX_DEPLOYMENT_TARGET = 10.8;
				SDKROOT = macosx;
				USER_HEADER_SEARCH_PATHS = "\"$(CINDER_PATH)/include\" ../include";
			};
			name = Release;
		};
/* End XCBuildConfiguration section */

/* Begin XCConfigurationList section */
		C01FCF4A08A954540054247B /* Build configuration list for PBXNativeTarget "pollen_project" */ = {
			isa = XCConfigurationList;
			buildConfigurations = (
				C01FCF4B08A954540054247B /* Debug */,
				C01FCF4C08A954540054247B /* Release */,
			);
			defaultConfigurationIsVisible = 0;
			defaultConfigurationName = Release;
		};
		C01FCF4E08A954540054247B /* Build configuration list for PBXProject "pollen_project" */ = {
			isa = XCConfigurationList;
			buildConfigurations = (
				C01FCF4F08A954540054247B /* Debug */,
				C01FCF5008A954540054247B /* Release */,
			);
			defaultConfigurationIsVisible = 0;
			defaultConfigurationName = Release;
		};
/* End XCConfigurationList section */
	};
	rootObject = 29B97313FDCFA39411CA2CEA /* Project object */;
}
